name: Generate Cargo lock

on:
  push:
    branches:
      - cad-ir-monstertruck-lock-refresh
  workflow_dispatch:

jobs:
  lockfile:
    runs-on: ubuntu-latest
    steps:
      - uses: actions/checkout@v4
      - uses: dtolnay/rust-toolchain@stable
      - name: Generate lockfile
        run: cargo generate-lockfile
      - uses: actions/upload-artifact@v4
        with:
          name: cargo-lock
          path: Cargo.lock
          if-no-files-found: error
